PODS:
  - AppCenter (3.0.0):
    - AppCenter/Analytics (= 3.0.0)
    - AppCenter/Crashes (= 3.0.0)
  - AppCenter/Analytics (3.0.0):
    - AppCenter/Core
  - AppCenter/Core (3.0.0)
  - AppCenter/Crashes (3.0.0):
    - AppCenter/Core
  - Convenience/InApp (0.0.1)
  - Convenience/Misc (0.0.1)
  - Convenience/Persistence (0.0.1)
  - Convenience/Reviewer (0.0.1)
  - Convenience/WebServices (0.0.1):
    - SwiftyBeaver
  - OpenSSL-Apple (1.1.1d.5a)
  - SSZipArchive (2.2.2)
  - SwiftyBeaver (1.8.4)
  - TunnelKit/AppExtension (2.2.2):
    - SwiftyBeaver
    - TunnelKit/Core
  - TunnelKit/Core (2.2.2):
    - SwiftyBeaver
  - TunnelKit/Extra/LZO (2.2.2)
  - TunnelKit/Protocols/OpenVPN (2.2.2):
    - OpenSSL-Apple (~> 1.1.1d.5a)
    - TunnelKit/AppExtension
    - TunnelKit/Core

DEPENDENCIES:
  - AppCenter
  - Convenience/InApp (from `https://github.com/keeshux/convenience`, commit `4a9fdd4`)
  - Convenience/Misc (from `https://github.com/keeshux/convenience`, commit `4a9fdd4`)
  - Convenience/Persistence (from `https://github.com/keeshux/convenience`, commit `4a9fdd4`)
  - Convenience/Reviewer (from `https://github.com/keeshux/convenience`, commit `4a9fdd4`)
  - Convenience/WebServices (from `https://github.com/keeshux/convenience`, commit `4a9fdd4`)
  - SSZipArchive
  - TunnelKit/Extra/LZO (from `https://github.com/passepartoutvpn/tunnelkit`, commit `a7aa781`)
  - TunnelKit/Protocols/OpenVPN (from `https://github.com/passepartoutvpn/tunnelkit`, commit `a7aa781`)

SPEC REPOS:
  https://github.com/cocoapods/specs.git:
    - AppCenter
    - OpenSSL-Apple
    - SSZipArchive
    - SwiftyBeaver

EXTERNAL SOURCES:
  Convenience:
    :commit: 4a9fdd4
    :git: https://github.com/keeshux/convenience
  TunnelKit:
    :commit: a7aa781
    :git: https://github.com/passepartoutvpn/tunnelkit

CHECKOUT OPTIONS:
  Convenience:
    :commit: 4a9fdd4
    :git: https://github.com/keeshux/convenience
  TunnelKit:
    :commit: a7aa781
    :git: https://github.com/passepartoutvpn/tunnelkit

SPEC CHECKSUMS:
  AppCenter: 7a0bbe928d07467ac8b2d7f6f2a675872a6471d8
  Convenience: 230739dd640bb826b640765d93715744721726be
  OpenSSL-Apple: 2c9efbc94e0a1ada434cc197b02bd70052a82281
  SSZipArchive: fa16b8cc4cdeceb698e5e5d9f67e9558532fbf23
  SwiftyBeaver: f9a9aba96a6a6166e21682377804d728b0d20b95
  TunnelKit: 1733ed87934deb57edc7aa5f4b25185bf302a7d4

PODFILE CHECKSUM: fc6d20e152b5da46ab2d266f8066b031d3c42d51

COCOAPODS: 1.8.4
